// !$*UTF8*$!
{
	archiveVersion = 1;
	classes = {
	};
	objectVersion = 77;
	objects = {

/* Begin PBXContainerItemProxy section */
		59BF27D62D3996CC002D8CA4 /* PBXContainerItemProxy */ = {
			isa = PBXContainerItemProxy;
			containerPortal = 59BF27BD2D3996CB002D8CA4 /* Project object */;
			proxyType = 1;
			remoteGlobalIDString = 59BF27C42D3996CB002D8CA4;
			remoteInfo = Nicolas;
		};
		59BF27E02D3996CC002D8CA4 /* PBXContainerItemProxy */ = {
			isa = PBXContainerItemProxy;
			containerPortal = 59BF27BD2D3996CB002D8CA4 /* Project object */;
			proxyType = 1;
			remoteGlobalIDString = 59BF27C42D3996CB002D8CA4;
			remoteInfo = Nicolas;
		};
/* End PBXContainerItemProxy section */

/* Begin PBXFileReference section */
		59BF27C52D3996CB002D8CA4 /* Nicolas.app */ = {isa = PBXFileReference; explicitFileType = wrapper.application; includeInIndex = 0; path = Nicolas.app; sourceTree = BUILT_PRODUCTS_DIR; };
		59BF27D52D3996CC002D8CA4 /* NicolasTests.xctest */ = {isa = PBXFileReference; explicitFileType = wrapper.cfbundle; includeInIndex = 0; path = NicolasTests.xctest; sourceTree = BUILT_PRODUCTS_DIR; };
		59BF27DF2D3996CC002D8CA4 /* NicolasUITests.xctest */ = {isa = PBXFileReference; explicitFileType = wrapper.cfbundle; includeInIndex = 0; path = NicolasUITests.xctest; sourceTree = BUILT_PRODUCTS_DIR; };
/* End PBXFileReference section */

/* Begin PBXFileSystemSynchronizedRootGroup section */
		59BF27C72D3996CB002D8CA4 /* Nicolas */ = {
			isa = PBXFileSystemSynchronizedRootGroup;
			path = Nicolas;
			sourceTree = "<group>";
		};
		59BF27D82D3996CC002D8CA4 /* NicolasTests */ = {
			isa = PBXFileSystemSynchronizedRootGroup;
			path = NicolasTests;
			sourceTree = "<group>";
		};
		59BF27E22D3996CC002D8CA4 /* NicolasUITests */ = {
			isa = PBXFileSystemSynchronizedRootGroup;
			path = NicolasUITests;
			sourceTree = "<group>";
		};
/* End PBXFileSystemSynchronizedRootGroup section */

/* Begin PBXFrameworksBuildPhase section */
		59BF27C22D3996CB002D8CA4 /* Frameworks */ = {
			isa = PBXFrameworksBuildPhase;
			buildActionMask = 2147483647;
			files = (
			);
			runOnlyForDeploymentPostprocessing = 0;
		};
		59BF27D22D3996CC002D8CA4 /* Frameworks */ = {
			isa = PBXFrameworksBuildPhase;
			buildActionMask = 2147483647;
			files = (
			);
			runOnlyForDeploymentPostprocessing = 0;
		};
		59BF27DC2D3996CC002D8CA4 /* Frameworks */ = {
			isa = PBXFrameworksBuildPhase;
			buildActionMask = 2147483647;
			files = (
			);
			runOnlyForDeploymentPostprocessing = 0;
		};
/* End PBXFrameworksBuildPhase section */

/* Begin PBXGroup section */
		59BF27BC2D3996CB002D8CA4 = {
			isa = PBXGroup;
			children = (
				59BF27C72D3996CB002D8CA4 /* Nicolas */,
				59BF27D82D3996CC002D8CA4 /* NicolasTests */,
				59BF27E22D3996CC002D8CA4 /* NicolasUITests */,
				59BF27C62D3996CB002D8CA4 /* Products */,
			);
			sourceTree = "<group>";
		};
		59BF27C62D3996CB002D8CA4 /* Products */ = {
			isa = PBXGroup;
			children = (
				59BF27C52D3996CB002D8CA4 /* Nicolas.app */,
				59BF27D52D3996CC002D8CA4 /* NicolasTests.xctest */,
				59BF27DF2D3996CC002D8CA4 /* NicolasUITests.xctest */,
			);
			name = Products;
			sourceTree = "<group>";
		};
/* End PBXGroup section */

/* Begin PBXNativeTarget section */
		59BF27C42D3996CB002D8CA4 /* Nicolas */ = {
			isa = PBXNativeTarget;
			buildConfigurationList = 59BF27E92D3996CC002D8CA4 /* Build configuration list for PBXNativeTarget "Nicolas" */;
			buildPhases = (
				59BF27C12D3996CB002D8CA4 /* Sources */,
				59BF27C22D3996CB002D8CA4 /* Frameworks */,
				59BF27C32D3996CB002D8CA4 /* Resources */,
			);
			buildRules = (
			);
			dependencies = (
			);
			fileSystemSynchronizedGroups = (
				59BF27C72D3996CB002D8CA4 /* Nicolas */,
			);
			name = Nicolas;
			packageProductDependencies = (
			);
			productName = Nicolas;
			productReference = 59BF27C52D3996CB002D8CA4 /* Nicolas.app */;
			productType = "com.apple.product-type.application";
		};
		59BF27D42D3996CC002D8CA4 /* NicolasTests */ = {
			isa = PBXNativeTarget;
			buildConfigurationList = 59BF27EC2D3996CC002D8CA4 /* Build configuration list for PBXNativeTarget "NicolasTests" */;
			buildPhases = (
				59BF27D12D3996CC002D8CA4 /* Sources */,
				59BF27D22D3996CC002D8CA4 /* Frameworks */,
				59BF27D32D3996CC002D8CA4 /* Resources */,
			);
			buildRules = (
			);
			dependencies = (
				59BF27D72D3996CC002D8CA4 /* PBXTargetDependency */,
			);
			fileSystemSynchronizedGroups = (
				59BF27D82D3996CC002D8CA4 /* NicolasTests */,
			);
			name = NicolasTests;
			packageProductDependencies = (
			);
			productName = NicolasTests;
			productReference = 59BF27D52D3996CC002D8CA4 /* NicolasTests.xctest */;
			productType = "com.apple.product-type.bundle.unit-test";
		};
		59BF27DE2D3996CC002D8CA4 /* NicolasUITests */ = {
			isa = PBXNativeTarget;
			buildConfigurationList = 59BF27EF2D3996CC002D8CA4 /* Build configuration list for PBXNativeTarget "NicolasUITests" */;
			buildPhases = (
				59BF27DB2D3996CC002D8CA4 /* Sources */,
				59BF27DC2D3996CC002D8CA4 /* Frameworks */,
				59BF27DD2D3996CC002D8CA4 /* Resources */,
			);
			buildRules = (
			);
			dependencies = (
				59BF27E12D3996CC002D8CA4 /* PBXTargetDependency */,
			);
			fileSystemSynchronizedGroups = (
				59BF27E22D3996CC002D8CA4 /* NicolasUITests */,
			);
			name = NicolasUITests;
			packageProductDependencies = (
			);
			productName = NicolasUITests;
			productReference = 59BF27DF2D3996CC002D8CA4 /* NicolasUITests.xctest */;
			productType = "com.apple.product-type.bundle.ui-testing";
		};
/* End PBXNativeTarget section */

/* Begin PBXProject section */
		59BF27BD2D3996CB002D8CA4 /* Project object */ = {
			isa = PBXProject;
			attributes = {
				BuildIndependentTargetsInParallel = 1;
				LastSwiftUpdateCheck = 1620;
				LastUpgradeCheck = 1620;
				TargetAttributes = {
					59BF27C42D3996CB002D8CA4 = {
						CreatedOnToolsVersion = 16.2;
					};
					59BF27D42D3996CC002D8CA4 = {
						CreatedOnToolsVersion = 16.2;
						TestTargetID = 59BF27C42D3996CB002D8CA4;
					};
					59BF27DE2D3996CC002D8CA4 = {
						CreatedOnToolsVersion = 16.2;
						TestTargetID = 59BF27C42D3996CB002D8CA4;
					};
				};
			};
			buildConfigurationList = 59BF27C02D3996CB002D8CA4 /* Build configuration list for PBXProject "Nicolas" */;
			developmentRegion = en;
			hasScannedForEncodings = 0;
			knownRegions = (
				en,
				Base,
			);
			mainGroup = 59BF27BC2D3996CB002D8CA4;
			minimizedProjectReferenceProxies = 1;
			preferredProjectObjectVersion = 77;
			productRefGroup = 59BF27C62D3996CB002D8CA4 /* Products */;
			projectDirPath = "";
			projectRoot = "";
			targets = (
				59BF27C42D3996CB002D8CA4 /* Nicolas */,
				59BF27D42D3996CC002D8CA4 /* NicolasTests */,
				59BF27DE2D3996CC002D8CA4 /* NicolasUITests */,
			);
		};
/* End PBXProject section */

/* Begin PBXResourcesBuildPhase section */
		59BF27C32D3996CB002D8CA4 /* Resources */ = {
			isa = PBXResourcesBuildPhase;
			buildActionMask = 2147483647;
			files = (
			);
			runOnlyForDeploymentPostprocessing = 0;
		};
		59BF27D32D3996CC002D8CA4 /* Resources */ = {
			isa = PBXResourcesBuildPhase;
			buildActionMask = 2147483647;
			files = (
			);
			runOnlyForDeploymentPostprocessing = 0;
		};
		59BF27DD2D3996CC002D8CA4 /* Resources */ = {
			isa = PBXResourcesBuildPhase;
			buildActionMask = 2147483647;
			files = (
			);
			runOnlyForDeploymentPostprocessing = 0;
		};
/* End PBXResourcesBuildPhase section */

/* Begin PBXSourcesBuildPhase section */
		59BF27C12D3996CB002D8CA4 /* Sources */ = {
			isa = PBXSourcesBuildPhase;
			buildActionMask = 2147483647;
			files = (
			);
			runOnlyForDeploymentPostprocessing = 0;
		};
		59BF27D12D3996CC002D8CA4 /* Sources */ = {
			isa = PBXSourcesBuildPhase;
			buildActionMask = 2147483647;
			files = (
			);
			runOnlyForDeploymentPostprocessing = 0;
		};
		59BF27DB2D3996CC002D8CA4 /* Sources */ = {
			isa = PBXSourcesBuildPhase;
			buildActionMask = 2147483647;
			files = (
			);
			runOnlyForDeploymentPostprocessing = 0;
		};
/* End PBXSourcesBuildPhase section */

/* Begin PBXTargetDependency section */
		59BF27D72D3996CC002D8CA4 /* PBXTargetDependency */ = {
			isa = PBXTargetDependency;
			target = 59BF27C42D3996CB002D8CA4 /* Nicolas */;
			targetProxy = 59BF27D62D3996CC002D8CA4 /* PBXContainerItemProxy */;
		};
		59BF27E12D3996CC002D8CA4 /* PBXTargetDependency */ = {
			isa = PBXTargetDependency;
			target = 59BF27C42D3996CB002D8CA4 /* Nicolas */;
			targetProxy = 59BF27E02D3996CC002D8CA4 /* PBXContainerItemProxy */;
		};
/* End PBXTargetDependency section */

/* Begin XCBuildConfiguration section */
		59BF27E72D3996CC002D8CA4 /* Debug */ = {
			isa = XCBuildConfiguration;
			buildSettings = {
				ALWAYS_SEARCH_USER_PATHS = NO;
				ASSETCATALOG_COMPILER_GENERATE_SWIFT_ASSET_SYMBOL_EXTENSIONS = YES;
				CLANG_ANALYZER_NONNULL = YES;
				CLANG_ANALYZER_NUMBER_OBJECT_CONVERSION = YES_AGGRESSIVE;
				CLANG_CXX_LANGUAGE_STANDARD = "gnu++20";
				CLANG_ENABLE_MODULES = YES;
				CLANG_ENABLE_OBJC_ARC = YES;
				CLANG_ENABLE_OBJC_WEAK = YES;
				CLANG_WARN_BLOCK_CAPTURE_AUTORELEASING = YES;
				CLANG_WARN_BOOL_CONVERSION = YES;
				CLANG_WARN_COMMA = YES;
				CLANG_WARN_CONSTANT_CONVERSION = YES;
				CLANG_WARN_DEPRECATED_OBJC_IMPLEMENTATIONS = YES;
				CLANG_WARN_DIRECT_OBJC_ISA_USAGE = YES_ERROR;
				CLANG_WARN_DOCUMENTATION_COMMENTS = YES;
				CLANG_WARN_EMPTY_BODY = YES;
				CLANG_WARN_ENUM_CONVERSION = YES;
				CLANG_WARN_INFINITE_RECURSION = YES;
				CLANG_WARN_INT_CONVERSION = YES;
				CLANG_WARN_NON_LITERAL_NULL_CONVERSION = YES;
				CLANG_WARN_OBJC_IMPLICIT_RETAIN_SELF = YES;
				CLANG_WARN_OBJC_LITERAL_CONVERSION = YES;
				CLANG_WARN_OBJC_ROOT_CLASS = YES_ERROR;
				CLANG_WARN_QUOTED_INCLUDE_IN_FRAMEWORK_HEADER = YES;
				CLANG_WARN_RANGE_LOOP_ANALYSIS = YES;
				CLANG_WARN_STRICT_PROTOTYPES = YES;
				CLANG_WARN_SUSPICIOUS_MOVE = YES;
				CLANG_WARN_UNGUARDED_AVAILABILITY = YES_AGGRESSIVE;
				CLANG_WARN_UNREACHABLE_CODE = YES;
				CLANG_WARN__DUPLICATE_METHOD_MATCH = YES;
				COPY_PHASE_STRIP = NO;
				DEBUG_INFORMATION_FORMAT = dwarf;
				ENABLE_STRICT_OBJC_MSGSEND = YES;
				ENABLE_TESTABILITY = YES;
				ENABLE_USER_SCRIPT_SANDBOXING = YES;
				GCC_C_LANGUAGE_STANDARD = gnu17;
				GCC_DYNAMIC_NO_PIC = NO;
				GCC_NO_COMMON_BLOCKS = YES;
				GCC_OPTIMIZATION_LEVEL = 0;
				GCC_PREPROCESSOR_DEFINITIONS = (
					"DEBUG=1",
					"$(inherited)",
				);
				GCC_WARN_64_TO_32_BIT_CONVERSION = YES;
				GCC_WARN_ABOUT_RETURN_TYPE = YES_ERROR;
				GCC_WARN_UNDECLARED_SELECTOR = YES;
				GCC_WARN_UNINITIALIZED_AUTOS = YES_AGGRESSIVE;
				GCC_WARN_UNUSED_FUNCTION = YES;
				GCC_WARN_UNUSED_VARIABLE = YES;
				IPHONEOS_DEPLOYMENT_TARGET = 18.2;
				LOCALIZATION_PREFERS_STRING_CATALOGS = YES;
				MTL_ENABLE_DEBUG_INFO = INCLUDE_SOURCE;
				MTL_FAST_MATH = YES;
				ONLY_ACTIVE_ARCH = YES;
				SDKROOT = iphoneos;
				SWIFT_ACTIVE_COMPILATION_CONDITIONS = "DEBUG $(inherited)";
				SWIFT_OPTIMIZATION_LEVEL = "-Onone";
			};
			name = Debug;
		};
		59BF27E82D3996CC002D8CA4 /* Release */ = {
			isa = XCBuildConfiguration;
			buildSettings = {
				ALWAYS_SEARCH_USER_PATHS = NO;
				ASSETCATALOG_COMPILER_GENERATE_SWIFT_ASSET_SYMBOL_EXTENSIONS = YES;
				CLANG_ANALYZER_NONNULL = YES;
				CLANG_ANALYZER_NUMBER_OBJECT_CONVERSION = YES_AGGRESSIVE;
				CLANG_CXX_LANGUAGE_STANDARD = "gnu++20";
				CLANG_ENABLE_MODULES = YES;
				CLANG_ENABLE_OBJC_ARC = YES;
				CLANG_ENABLE_OBJC_WEAK = YES;
				CLANG_WARN_BLOCK_CAPTURE_AUTORELEASING = YES;
				CLANG_WARN_BOOL_CONVERSION = YES;
				CLANG_WARN_COMMA = YES;
				CLANG_WARN_CONSTANT_CONVERSION = YES;
				CLANG_WARN_DEPRECATED_OBJC_IMPLEMENTATIONS = YES;
				CLANG_WARN_DIRECT_OBJC_ISA_USAGE = YES_ERROR;
				CLANG_WARN_DOCUMENTATION_COMMENTS = YES;
				CLANG_WARN_EMPTY_BODY = YES;
				CLANG_WARN_ENUM_CONVERSION = YES;
				CLANG_WARN_INFINITE_RECURSION = YES;
				CLANG_WARN_INT_CONVERSION = YES;
				CLANG_WARN_NON_LITERAL_NULL_CONVERSION = YES;
				CLANG_WARN_OBJC_IMPLICIT_RETAIN_SELF = YES;
				CLANG_WARN_OBJC_LITERAL_CONVERSION = YES;
				CLANG_WARN_OBJC_ROOT_CLASS = YES_ERROR;
				CLANG_WARN_QUOTED_INCLUDE_IN_FRAMEWORK_HEADER = YES;
				CLANG_WARN_RANGE_LOOP_ANALYSIS = YES;
				CLANG_WARN_STRICT_PROTOTYPES = YES;
				CLANG_WARN_SUSPICIOUS_MOVE = YES;
				CLANG_WARN_UNGUARDED_AVAILABILITY = YES_AGGRESSIVE;
				CLANG_WARN_UNREACHABLE_CODE = YES;
				CLANG_WARN__DUPLICATE_METHOD_MATCH = YES;
				COPY_PHASE_STRIP = NO;
				DEBUG_INFORMATION_FORMAT = "dwarf-with-dsym";
				ENABLE_NS_ASSERTIONS = NO;
				ENABLE_STRICT_OBJC_MSGSEND = YES;
				ENABLE_USER_SCRIPT_SANDBOXING = YES;
				GCC_C_LANGUAGE_STANDARD = gnu17;
				GCC_NO_COMMON_BLOCKS = YES;
				GCC_WARN_64_TO_32_BIT_CONVERSION = YES;
				GCC_WARN_ABOUT_RETURN_TYPE = YES_ERROR;
				GCC_WARN_UNDECLARED_SELECTOR = YES;
				GCC_WARN_UNINITIALIZED_AUTOS = YES_AGGRESSIVE;
				GCC_WARN_UNUSED_FUNCTION = YES;
				GCC_WARN_UNUSED_VARIABLE = YES;
				IPHONEOS_DEPLOYMENT_TARGET = 18.2;
				LOCALIZATION_PREFERS_STRING_CATALOGS = YES;
				MTL_ENABLE_DEBUG_INFO = NO;
				MTL_FAST_MATH = YES;
				SDKROOT = iphoneos;
				SWIFT_COMPILATION_MODE = wholemodule;
				VALIDATE_PRODUCT = YES;
			};
			name = Release;
		};
		59BF27EA2D3996CC002D8CA4 /* Debug */ = {
			isa = XCBuildConfiguration;
			buildSettings = {
				ASSETCATALOG_COMPILER_APPICON_NAME = AppIcon;
				ASSETCATALOG_COMPILER_GLOBAL_ACCENT_COLOR_NAME = AccentColor;
				CODE_SIGN_STYLE = Automatic;
				CURRENT_PROJECT_VERSION = 1;
				DEVELOPMENT_ASSET_PATHS = "\"Nicolas/Preview Content\"";
				DEVELOPMENT_TEAM = UCW2PU4JQD;
				ENABLE_PREVIEWS = YES;
				GENERATE_INFOPLIST_FILE = YES;
				INFOPLIST_KEY_UIApplicationSceneManifest_Generation = YES;
				INFOPLIST_KEY_UIApplicationSupportsIndirectInputEvents = YES;
				INFOPLIST_KEY_UILaunchScreen_Generation = YES;
				INFOPLIST_KEY_UISupportedInterfaceOrientations_iPad = "UIInterfaceOrientationPortrait UIInterfaceOrientationPortraitUpsideDown UIInterfaceOrientationLandscapeLeft UIInterfaceOrientationLandscapeRight";
				INFOPLIST_KEY_UISupportedInterfaceOrientations_iPhone = "UIInterfaceOrientationPortrait UIInterfaceOrientationLandscapeLeft UIInterfaceOrientationLandscapeRight";
				LD_RUNPATH_SEARCH_PATHS = (
					"$(inherited)",
					"@executable_path/Frameworks",
				);
				MARKETING_VERSION = 1.0;
				PRODUCT_BUNDLE_IDENTIFIER = nicolas.MyWalletNico;
				PRODUCT_NAME = "$(TARGET_NAME)";
				SWIFT_EMIT_LOC_STRINGS = YES;
				SWIFT_VERSION = 5.0;
				TARGETED_DEVICE_FAMILY = "1,2";
			};
			name = Debug;
		};
		59BF27EB2D3996CC002D8CA4 /* Release */ = {
			isa = XCBuildConfiguration;
			buildSettings = {
				ASSETCATALOG_COMPILER_APPICON_NAME = AppIcon;
				ASSETCATALOG_COMPILER_GLOBAL_ACCENT_COLOR_NAME = AccentColor;
				CODE_SIGN_STYLE = Automatic;
				CURRENT_PROJECT_VERSION = 1;
				DEVELOPMENT_ASSET_PATHS = "\"Nicolas/Preview Content\"";
				DEVELOPMENT_TEAM = UCW2PU4JQD;
				ENABLE_PREVIEWS = YES;
				GENERATE_INFOPLIST_FILE = YES;
				INFOPLIST_KEY_UIApplicationSceneManifest_Generation = YES;
				INFOPLIST_KEY_UIApplicationSupportsIndirectInputEvents = YES;
				INFOPLIST_KEY_UILaunchScreen_Generation = YES;
				INFOPLIST_KEY_UISupportedInterfaceOrientations_iPad = "UIInterfaceOrientationPortrait UIInterfaceOrientationPortraitUpsideDown UIInterfaceOrientationLandscapeLeft UIInterfaceOrientationLandscapeRight";
				INFOPLIST_KEY_UISupportedInterfaceOrientations_iPhone = "UIInterfaceOrientationPortrait UIInterfaceOrientationLandscapeLeft UIInterfaceOrientationLandscapeRight";
				LD_RUNPATH_SEARCH_PATHS = (
					"$(inherited)",
					"@executable_path/Frameworks",
				);
				MARKETING_VERSION = 1.0;
				PRODUCT_BUNDLE_IDENTIFIER = nicolas.MyWalletNico;
				PRODUCT_NAME = "$(TARGET_NAME)";
				SWIFT_EMIT_LOC_STRINGS = YES;
				SWIFT_VERSION = 5.0;
				TARGETED_DEVICE_FAMILY = "1,2";
			};
			name = Release;
		};
		59BF27ED2D3996CC002D8CA4 /* Debug */ = {
			isa = XCBuildConfiguration;
			buildSettings = {
				BUNDLE_LOADER = "$(TEST_HOST)";
				CODE_SIGN_STYLE = Automatic;
				CURRENT_PROJECT_VERSION = 1;
				DEVELOPMENT_TEAM = UCW2PU4JQD;
				GENERATE_INFOPLIST_FILE = YES;
				IPHONEOS_DEPLOYMENT_TARGET = 18.2;
				MARKETING_VERSION = 1.0;
				PRODUCT_BUNDLE_IDENTIFIER = nicolas.NicolasTests;
				PRODUCT_NAME = "$(TARGET_NAME)";
				SWIFT_EMIT_LOC_STRINGS = NO;
				SWIFT_VERSION = 5.0;
				TARGETED_DEVICE_FAMILY = "1,2";
				TEST_HOST = "$(BUILT_PRODUCTS_DIR)/Nicolas.app/$(BUNDLE_EXECUTABLE_FOLDER_PATH)/Nicolas";
			};
			name = Debug;
		};
		59BF27EE2D3996CC002D8CA4 /* Release */ = {
			isa = XCBuildConfiguration;
			buildSettings = {
				BUNDLE_LOADER = "$(TEST_HOST)";
				CODE_SIGN_STYLE = Automatic;
				CURRENT_PROJECT_VERSION = 1;
				DEVELOPMENT_TEAM = UCW2PU4JQD;
				GENERATE_INFOPLIST_FILE = YES;
				IPHONEOS_DEPLOYMENT_TARGET = 18.2;
				MARKETING_VERSION = 1.0;
				PRODUCT_BUNDLE_IDENTIFIER = nicolas.NicolasTests;
				PRODUCT_NAME = "$(TARGET_NAME)";
				SWIFT_EMIT_LOC_STRINGS = NO;
				SWIFT_VERSION = 5.0;
				TARGETED_DEVICE_FAMILY = "1,2";
				TEST_HOST = "$(BUILT_PRODUCTS_DIR)/Nicolas.app/$(BUNDLE_EXECUTABLE_FOLDER_PATH)/Nicolas";
			};
			name = Release;
		};
		59BF27F02D3996CC002D8CA4 /* Debug */ = {
			isa = XCBuildConfiguration;
			buildSettings = {
				CODE_SIGN_STYLE = Automatic;
				CURRENT_PROJECT_VERSION = 1;
				DEVELOPMENT_TEAM = UCW2PU4JQD;
				GENERATE_INFOPLIST_FILE = YES;
				MARKETING_VERSION = 1.0;
				PRODUCT_BUNDLE_IDENTIFIER = nicolas.NicolasUITests;
				PRODUCT_NAME = "$(TARGET_NAME)";
				SWIFT_EMIT_LOC_STRINGS = NO;
				SWIFT_VERSION = 5.0;
				TARGETED_DEVICE_FAMILY = "1,2";
				TEST_TARGET_NAME = Nicolas;
			};
			name = Debug;
		};
		59BF27F12D3996CC002D8CA4 /* Release */ = {
			isa = XCBuildConfiguration;
			buildSettings = {
				CODE_SIGN_STYLE = Automatic;
				CURRENT_PROJECT_VERSION = 1;
				DEVELOPMENT_TEAM = UCW2PU4JQD;
				GENERATE_INFOPLIST_FILE = YES;
				MARKETING_VERSION = 1.0;
				PRODUCT_BUNDLE_IDENTIFIER = nicolas.NicolasUITests;
				PRODUCT_NAME = "$(TARGET_NAME)";
				SWIFT_EMIT_LOC_STRINGS = NO;
				SWIFT_VERSION = 5.0;
				TARGETED_DEVICE_FAMILY = "1,2";
				TEST_TARGET_NAME = Nicolas;
			};
			name = Release;
		};
/* End XCBuildConfiguration section */

/* Begin XCConfigurationList section */
		59BF27C02D3996CB002D8CA4 /* Build configuration list for PBXProject "Nicolas" */ = {
			isa = XCConfigurationList;
			buildConfigurations = (
				59BF27E72D3996CC002D8CA4 /* Debug */,
				59BF27E82D3996CC002D8CA4 /* Release */,
			);
			defaultConfigurationIsVisible = 0;
			defaultConfigurationName = Release;
		};
		59BF27E92D3996CC002D8CA4 /* Build configuration list for PBXNativeTarget "Nicolas" */ = {
			isa = XCConfigurationList;
			buildConfigurations = (
				59BF27EA2D3996CC002D8CA4 /* Debug */,
				59BF27EB2D3996CC002D8CA4 /* Release */,
			);
			defaultConfigurationIsVisible = 0;
			defaultConfigurationName = Release;
		};
		59BF27EC2D3996CC002D8CA4 /* Build configuration list for PBXNativeTarget "NicolasTests" */ = {
			isa = XCConfigurationList;
			buildConfigurations = (
				59BF27ED2D3996CC002D8CA4 /* Debug */,
				59BF27EE2D3996CC002D8CA4 /* Release */,
			);
			defaultConfigurationIsVisible = 0;
			defaultConfigurationName = Release;
		};
		59BF27EF2D3996CC002D8CA4 /* Build configuration list for PBXNativeTarget "NicolasUITests" */ = {
			isa = XCConfigurationList;
			buildConfigurations = (
				59BF27F02D3996CC002D8CA4 /* Debug */,
				59BF27F12D3996CC002D8CA4 /* Release */,
			);
			defaultConfigurationIsVisible = 0;
			defaultConfigurationName = Release;
		};
/* End XCConfigurationList section */
	};
	rootObject = 59BF27BD2D3996CB002D8CA4 /* Project object */;
}
